
Microsoft Visual Studio Solution File, Format Version 12.00
# Visual Studio Version 16
VisualStudioVersion = 16.0.31019.35
MinimumVisualStudioVersion = 10.0.40219.1
Project("{2150E333-8FDC-42A3-9474-1A3956D46DE8}") = "src", "src", "{6255963E-2D70-4D68-9CA6-F8220B59CB18}"
EndProject
Project("{9A19103F-16F7-4668-BE54-9A1E7A4F7556}") = "GroupByLinqLambda.ConsoleApp", "src\GroupByLinqLambda.ConsoleApp\GroupByLinqLambda.ConsoleApp.csproj", "{4C909E7E-2143-4D87-BDD0-43E026EDB3E9}"
EndProject
Project("{2150E333-8FDC-42A3-9474-1A3956D46DE8}") = "Solution Items", "Solution Items", "{BF7650E3-5462-4DA5-A366-F16106FAD8FA}"
	ProjectSection(SolutionItems) = preProject
		.gitattributes = .gitattributes
		.gitignore = .gitignore
		.github\workflows\ci.yml = .github\workflows\ci.yml
		LICENSE = LICENSE
		README.md = README.md
	EndProjectSection
EndProject
Global
	GlobalSection(SolutionConfigurationPlatforms) = preSolution
		Debug|Any CPU = Debug|Any CPU
		Release|Any CPU = Release|Any CPU
	EndGlobalSection
	GlobalSection(ProjectConfigurationPlatforms) = postSolution
		{4C909E7E-2143-4D87-BDD0-43E026EDB3E9}.Debug|Any CPU.ActiveCfg = Debug|Any CPU
		{4C909E7E-2143-4D87-BDD0-43E026EDB3E9}.Debug|Any CPU.Build.0 = Debug|Any CPU
		{4C909E7E-2143-4D87-BDD0-43E026EDB3E9}.Release|Any CPU.ActiveCfg = Release|Any CPU
		{4C909E7E-2143-4D87-BDD0-43E026EDB3E9}.Release|Any CPU.Build.0 = Release|Any CPU
	EndGlobalSection
	GlobalSection(SolutionProperties) = preSolution
		HideSolutionNode = FALSE
	EndGlobalSection
	GlobalSection(NestedProjects) = preSolution
		{4C909E7E-2143-4D87-BDD0-43E026EDB3E9} = {6255963E-2D70-4D68-9CA6-F8220B59CB18}
	EndGlobalSection
	GlobalSection(ExtensibilityGlobals) = postSolution
		SolutionGuid = {2E59FF70-4783-47AA-A8FF-A2C80A65D3B5}
	EndGlobalSection
EndGlobal
